// !$*UTF8*$!
{
	archiveVersion = 1;
	classes = {
	};
	objectVersion = 50;
	objects = {

/* Begin PBXBuildFile section */
		F32E603F209B501B00259C6A /* Post.swift in Sources */ = {isa = PBXBuildFile; fileRef = F32E603E209B501B00259C6A /* Post.swift */; };
		F3A18BAD2096A76600B79F82 /* AppDelegate.swift in Sources */ = {isa = PBXBuildFile; fileRef = F3A18BAC2096A76600B79F82 /* AppDelegate.swift */; };
		F3A18BAF2096A76600B79F82 /* ViewController.swift in Sources */ = {isa = PBXBuildFile; fileRef = F3A18BAE2096A76600B79F82 /* ViewController.swift */; };
		F3A18BB22096A76600B79F82 /* Main.storyboard in Resources */ = {isa = PBXBuildFile; fileRef = F3A18BB02096A76600B79F82 /* Main.storyboard */; };
		F3A18BB42096A76700B79F82 /* Assets.xcassets in Resources */ = {isa = PBXBuildFile; fileRef = F3A18BB32096A76700B79F82 /* Assets.xcassets */; };
		F3A18BB72096A76700B79F82 /* LaunchScreen.storyboard in Resources */ = {isa = PBXBuildFile; fileRef = F3A18BB52096A76700B79F82 /* LaunchScreen.storyboard */; };
		F3A18BC22096A76700B79F82 /* danbooruclientTests.swift in Sources */ = {isa = PBXBuildFile; fileRef = F3A18BC12096A76700B79F82 /* danbooruclientTests.swift */; };
		F3A18BCD2096A76700B79F82 /* danbooruclientUITests.swift in Sources */ = {isa = PBXBuildFile; fileRef = F3A18BCC2096A76700B79F82 /* danbooruclientUITests.swift */; };
		F3A18BEF2096B38500B79F82 /* Extensions.swift in Sources */ = {isa = PBXBuildFile; fileRef = F3A18BEE2096B38500B79F82 /* Extensions.swift */; };
		F3A18BF12096B48E00B79F82 /* Cell.swift in Sources */ = {isa = PBXBuildFile; fileRef = F3A18BF02096B48E00B79F82 /* Cell.swift */; };
		F3A589FE2096B98000899318 /* SecondViewController.swift in Sources */ = {isa = PBXBuildFile; fileRef = F3A589FD2096B98000899318 /* SecondViewController.swift */; };
/* End PBXBuildFile section */

/* Begin PBXContainerItemProxy section */
		F3A18BBE2096A76700B79F82 /* PBXContainerItemProxy */ = {
			isa = PBXContainerItemProxy;
			containerPortal = F3A18BA12096A76600B79F82 /* Project object */;
			proxyType = 1;
			remoteGlobalIDString = F3A18BA82096A76600B79F82;
			remoteInfo = danbooruclient;
		};
		F3A18BC92096A76700B79F82 /* PBXContainerItemProxy */ = {
			isa = PBXContainerItemProxy;
			containerPortal = F3A18BA12096A76600B79F82 /* Project object */;
			proxyType = 1;
			remoteGlobalIDString = F3A18BA82096A76600B79F82;
			remoteInfo = danbooruclient;
		};
/* End PBXContainerItemProxy section */

/* Begin PBXFileReference section */
		F32E603E209B501B00259C6A /* Post.swift */ = {isa = PBXFileReference; lastKnownFileType = sourcecode.swift; path = Post.swift; sourceTree = "<group>"; };
		F3A18BA92096A76600B79F82 /* danbooruclient.app */ = {isa = PBXFileReference; explicitFileType = wrapper.application; includeInIndex = 0; path = danbooruclient.app; sourceTree = BUILT_PRODUCTS_DIR; };
		F3A18BAC2096A76600B79F82 /* AppDelegate.swift */ = {isa = PBXFileReference; lastKnownFileType = sourcecode.swift; path = AppDelegate.swift; sourceTree = "<group>"; };
		F3A18BAE2096A76600B79F82 /* ViewController.swift */ = {isa = PBXFileReference; lastKnownFileType = sourcecode.swift; path = ViewController.swift; sourceTree = "<group>"; };
		F3A18BB12096A76600B79F82 /* Base */ = {isa = PBXFileReference; lastKnownFileType = file.storyboard; name = Base; path = Base.lproj/Main.storyboard; sourceTree = "<group>"; };
		F3A18BB32096A76700B79F82 /* Assets.xcassets */ = {isa = PBXFileReference; lastKnownFileType = folder.assetcatalog; path = Assets.xcassets; sourceTree = "<group>"; };
		F3A18BB62096A76700B79F82 /* Base */ = {isa = PBXFileReference; lastKnownFileType = file.storyboard; name = Base; path = Base.lproj/LaunchScreen.storyboard; sourceTree = "<group>"; };
		F3A18BB82096A76700B79F82 /* Info.plist */ = {isa = PBXFileReference; lastKnownFileType = text.plist.xml; path = Info.plist; sourceTree = "<group>"; };
		F3A18BBD2096A76700B79F82 /* danbooruclientTests.xctest */ = {isa = PBXFileReference; explicitFileType = wrapper.cfbundle; includeInIndex = 0; path = danbooruclientTests.xctest; sourceTree = BUILT_PRODUCTS_DIR; };
		F3A18BC12096A76700B79F82 /* danbooruclientTests.swift */ = {isa = PBXFileReference; lastKnownFileType = sourcecode.swift; path = danbooruclientTests.swift; sourceTree = "<group>"; };
		F3A18BC32096A76700B79F82 /* Info.plist */ = {isa = PBXFileReference; lastKnownFileType = text.plist.xml; path = Info.plist; sourceTree = "<group>"; };
		F3A18BC82096A76700B79F82 /* danbooruclientUITests.xctest */ = {isa = PBXFileReference; explicitFileType = wrapper.cfbundle; includeInIndex = 0; path = danbooruclientUITests.xctest; sourceTree = BUILT_PRODUCTS_DIR; };
		F3A18BCC2096A76700B79F82 /* danbooruclientUITests.swift */ = {isa = PBXFileReference; lastKnownFileType = sourcecode.swift; path = danbooruclientUITests.swift; sourceTree = "<group>"; };
		F3A18BCE2096A76700B79F82 /* Info.plist */ = {isa = PBXFileReference; lastKnownFileType = text.plist.xml; path = Info.plist; sourceTree = "<group>"; };
		F3A18BEE2096B38500B79F82 /* Extensions.swift */ = {isa = PBXFileReference; lastKnownFileType = sourcecode.swift; path = Extensions.swift; sourceTree = "<group>"; };
		F3A18BF02096B48E00B79F82 /* Cell.swift */ = {isa = PBXFileReference; lastKnownFileType = sourcecode.swift; path = Cell.swift; sourceTree = "<group>"; };
		F3A589FD2096B98000899318 /* SecondViewController.swift */ = {isa = PBXFileReference; lastKnownFileType = sourcecode.swift; path = SecondViewController.swift; sourceTree = "<group>"; };
/* End PBXFileReference section */

/* Begin PBXFrameworksBuildPhase section */
		F3A18BA62096A76600B79F82 /* Frameworks */ = {
			isa = PBXFrameworksBuildPhase;
			buildActionMask = 2147483647;
			files = (
			);
			runOnlyForDeploymentPostprocessing = 0;
		};
		F3A18BBA2096A76700B79F82 /* Frameworks */ = {
			isa = PBXFrameworksBuildPhase;
			buildActionMask = 2147483647;
			files = (
			);
			runOnlyForDeploymentPostprocessing = 0;
		};
		F3A18BC52096A76700B79F82 /* Frameworks */ = {
			isa = PBXFrameworksBuildPhase;
			buildActionMask = 2147483647;
			files = (
			);
			runOnlyForDeploymentPostprocessing = 0;
		};
/* End PBXFrameworksBuildPhase section */

/* Begin PBXGroup section */
		F3A18BA02096A76600B79F82 = {
			isa = PBXGroup;
			children = (
				F3A18BAB2096A76600B79F82 /* danbooruclient */,
				F3A18BC02096A76700B79F82 /* danbooruclientTests */,
				F3A18BCB2096A76700B79F82 /* danbooruclientUITests */,
				F3A18BAA2096A76600B79F82 /* Products */,
			);
			sourceTree = "<group>";
		};
		F3A18BAA2096A76600B79F82 /* Products */ = {
			isa = PBXGroup;
			children = (
				F3A18BA92096A76600B79F82 /* danbooruclient.app */,
				F3A18BBD2096A76700B79F82 /* danbooruclientTests.xctest */,
				F3A18BC82096A76700B79F82 /* danbooruclientUITests.xctest */,
			);
			name = Products;
			sourceTree = "<group>";
		};
		F3A18BAB2096A76600B79F82 /* danbooruclient */ = {
			isa = PBXGroup;
			children = (
				F3A18BAC2096A76600B79F82 /* AppDelegate.swift */,
				F3A18BAE2096A76600B79F82 /* ViewController.swift */,
				F3A18BB02096A76600B79F82 /* Main.storyboard */,
				F3A18BB32096A76700B79F82 /* Assets.xcassets */,
				F3A18BB52096A76700B79F82 /* LaunchScreen.storyboard */,
				F3A18BB82096A76700B79F82 /* Info.plist */,
				F3A18BEE2096B38500B79F82 /* Extensions.swift */,
				F3A18BF02096B48E00B79F82 /* Cell.swift */,
				F3A589FD2096B98000899318 /* SecondViewController.swift */,
				F32E603E209B501B00259C6A /* Post.swift */,
			);
			path = danbooruclient;
			sourceTree = "<group>";
		};
		F3A18BC02096A76700B79F82 /* danbooruclientTests */ = {
			isa = PBXGroup;
			children = (
				F3A18BC12096A76700B79F82 /* danbooruclientTests.swift */,
				F3A18BC32096A76700B79F82 /* Info.plist */,
			);
			path = danbooruclientTests;
			sourceTree = "<group>";
		};
		F3A18BCB2096A76700B79F82 /* danbooruclientUITests */ = {
			isa = PBXGroup;
			children = (
				F3A18BCC2096A76700B79F82 /* danbooruclientUITests.swift */,
				F3A18BCE2096A76700B79F82 /* Info.plist */,
			);
			path = danbooruclientUITests;
			sourceTree = "<group>";
		};
/* End PBXGroup section */

/* Begin PBXNativeTarget section */
		F3A18BA82096A76600B79F82 /* danbooruclient */ = {
			isa = PBXNativeTarget;
			buildConfigurationList = F3A18BD12096A76700B79F82 /* Build configuration list for PBXNativeTarget "danbooruclient" */;
			buildPhases = (
				F3A18BA52096A76600B79F82 /* Sources */,
				F3A18BA62096A76600B79F82 /* Frameworks */,
				F3A18BA72096A76600B79F82 /* Resources */,
			);
			buildRules = (
			);
			dependencies = (
			);
			name = danbooruclient;
			productName = danbooruclient;
			productReference = F3A18BA92096A76600B79F82 /* danbooruclient.app */;
			productType = "com.apple.product-type.application";
		};
		F3A18BBC2096A76700B79F82 /* danbooruclientTests */ = {
			isa = PBXNativeTarget;
			buildConfigurationList = F3A18BD42096A76700B79F82 /* Build configuration list for PBXNativeTarget "danbooruclientTests" */;
			buildPhases = (
				F3A18BB92096A76700B79F82 /* Sources */,
				F3A18BBA2096A76700B79F82 /* Frameworks */,
				F3A18BBB2096A76700B79F82 /* Resources */,
			);
			buildRules = (
			);
			dependencies = (
				F3A18BBF2096A76700B79F82 /* PBXTargetDependency */,
			);
			name = danbooruclientTests;
			productName = danbooruclientTests;
			productReference = F3A18BBD2096A76700B79F82 /* danbooruclientTests.xctest */;
			productType = "com.apple.product-type.bundle.unit-test";
		};
		F3A18BC72096A76700B79F82 /* danbooruclientUITests */ = {
			isa = PBXNativeTarget;
			buildConfigurationList = F3A18BD72096A76700B79F82 /* Build configuration list for PBXNativeTarget "danbooruclientUITests" */;
			buildPhases = (
				F3A18BC42096A76700B79F82 /* Sources */,
				F3A18BC52096A76700B79F82 /* Frameworks */,
				F3A18BC62096A76700B79F82 /* Resources */,
			);
			buildRules = (
			);
			dependencies = (
				F3A18BCA2096A76700B79F82 /* PBXTargetDependency */,
			);
			name = danbooruclientUITests;
			productName = danbooruclientUITests;
			productReference = F3A18BC82096A76700B79F82 /* danbooruclientUITests.xctest */;
			productType = "com.apple.product-type.bundle.ui-testing";
		};
/* End PBXNativeTarget section */

/* Begin PBXProject section */
		F3A18BA12096A76600B79F82 /* Project object */ = {
			isa = PBXProject;
			attributes = {
				LastSwiftUpdateCheck = 0930;
				LastUpgradeCheck = 0930;
				ORGANIZATIONNAME = "Keisei Saito";
				TargetAttributes = {
					F3A18BA82096A76600B79F82 = {
						CreatedOnToolsVersion = 9.3;
					};
					F3A18BBC2096A76700B79F82 = {
						CreatedOnToolsVersion = 9.3;
						TestTargetID = F3A18BA82096A76600B79F82;
					};
					F3A18BC72096A76700B79F82 = {
						CreatedOnToolsVersion = 9.3;
						TestTargetID = F3A18BA82096A76600B79F82;
					};
				};
			};
			buildConfigurationList = F3A18BA42096A76600B79F82 /* Build configuration list for PBXProject "danbooruclient" */;
			compatibilityVersion = "Xcode 9.3";
			developmentRegion = en;
			hasScannedForEncodings = 0;
			knownRegions = (
				en,
				Base,
			);
			mainGroup = F3A18BA02096A76600B79F82;
			productRefGroup = F3A18BAA2096A76600B79F82 /* Products */;
			projectDirPath = "";
			projectRoot = "";
			targets = (
				F3A18BA82096A76600B79F82 /* danbooruclient */,
				F3A18BBC2096A76700B79F82 /* danbooruclientTests */,
				F3A18BC72096A76700B79F82 /* danbooruclientUITests */,
			);
		};
/* End PBXProject section */

/* Begin PBXResourcesBuildPhase section */
		F3A18BA72096A76600B79F82 /* Resources */ = {
			isa = PBXResourcesBuildPhase;
			buildActionMask = 2147483647;
			files = (
				F3A18BB72096A76700B79F82 /* LaunchScreen.storyboard in Resources */,
				F3A18BB42096A76700B79F82 /* Assets.xcassets in Resources */,
				F3A18BB22096A76600B79F82 /* Main.storyboard in Resources */,
			);
			runOnlyForDeploymentPostprocessing = 0;
		};
		F3A18BBB2096A76700B79F82 /* Resources */ = {
			isa = PBXResourcesBuildPhase;
			buildActionMask = 2147483647;
			files = (
			);
			runOnlyForDeploymentPostprocessing = 0;
		};
		F3A18BC62096A76700B79F82 /* Resources */ = {
			isa = PBXResourcesBuildPhase;
			buildActionMask = 2147483647;
			files = (
			);
			runOnlyForDeploymentPostprocessing = 0;
		};
/* End PBXResourcesBuildPhase section */

/* Begin PBXSourcesBuildPhase section */
		F3A18BA52096A76600B79F82 /* Sources */ = {
			isa = PBXSourcesBuildPhase;
			buildActionMask = 2147483647;
			files = (
				F3A18BAF2096A76600B79F82 /* ViewController.swift in Sources */,
				F3A18BF12096B48E00B79F82 /* Cell.swift in Sources */,
				F3A18BEF2096B38500B79F82 /* Extensions.swift in Sources */,
				F32E603F209B501B00259C6A /* Post.swift in Sources */,
				F3A589FE2096B98000899318 /* SecondViewController.swift in Sources */,
				F3A18BAD2096A76600B79F82 /* AppDelegate.swift in Sources */,
			);
			runOnlyForDeploymentPostprocessing = 0;
		};
		F3A18BB92096A76700B79F82 /* Sources */ = {
			isa = PBXSourcesBuildPhase;
			buildActionMask = 2147483647;
			files = (
				F3A18BC22096A76700B79F82 /* danbooruclientTests.swift in Sources */,
			);
			runOnlyForDeploymentPostprocessing = 0;
		};
		F3A18BC42096A76700B79F82 /* Sources */ = {
			isa = PBXSourcesBuildPhase;
			buildActionMask = 2147483647;
			files = (
				F3A18BCD2096A76700B79F82 /* danbooruclientUITests.swift in Sources */,
			);
			runOnlyForDeploymentPostprocessing = 0;
		};
/* End PBXSourcesBuildPhase section */

/* Begin PBXTargetDependency section */
		F3A18BBF2096A76700B79F82 /* PBXTargetDependency */ = {
			isa = PBXTargetDependency;
			target = F3A18BA82096A76600B79F82 /* danbooruclient */;
			targetProxy = F3A18BBE2096A76700B79F82 /* PBXContainerItemProxy */;
		};
		F3A18BCA2096A76700B79F82 /* PBXTargetDependency */ = {
			isa = PBXTargetDependency;
			target = F3A18BA82096A76600B79F82 /* danbooruclient */;
			targetProxy = F3A18BC92096A76700B79F82 /* PBXContainerItemProxy */;
		};
/* End PBXTargetDependency section */

/* Begin PBXVariantGroup section */
		F3A18BB02096A76600B79F82 /* Main.storyboard */ = {
			isa = PBXVariantGroup;
			children = (
				F3A18BB12096A76600B79F82 /* Base */,
			);
			name = Main.storyboard;
			sourceTree = "<group>";
		};
		F3A18BB52096A76700B79F82 /* LaunchScreen.storyboard */ = {
			isa = PBXVariantGroup;
			children = (
				F3A18BB62096A76700B79F82 /* Base */,
			);
			name = LaunchScreen.storyboard;
			sourceTree = "<group>";
		};
/* End PBXVariantGroup section */

/* Begin XCBuildConfiguration section */
		F3A18BCF2096A76700B79F82 /* Debug */ = {
			isa = XCBuildConfiguration;
			buildSettings = {
				ALWAYS_SEARCH_USER_PATHS = NO;
				CLANG_ANALYZER_NONNULL = YES;
				CLANG_ANALYZER_NUMBER_OBJECT_CONVERSION = YES_AGGRESSIVE;
				CLANG_CXX_LANGUAGE_STANDARD = "gnu++14";
				CLANG_CXX_LIBRARY = "libc++";
				CLANG_ENABLE_MODULES = YES;
				CLANG_ENABLE_OBJC_ARC = YES;
				CLANG_ENABLE_OBJC_WEAK = YES;
				CLANG_WARN_BLOCK_CAPTURE_AUTORELEASING = YES;
				CLANG_WARN_BOOL_CONVERSION = YES;
				CLANG_WARN_COMMA = YES;
				CLANG_WARN_CONSTANT_CONVERSION = YES;
				CLANG_WARN_DEPRECATED_OBJC_IMPLEMENTATIONS = YES;
				CLANG_WARN_DIRECT_OBJC_ISA_USAGE = YES_ERROR;
				CLANG_WARN_DOCUMENTATION_COMMENTS = YES;
				CLANG_WARN_EMPTY_BODY = YES;
				CLANG_WARN_ENUM_CONVERSION = YES;
				CLANG_WARN_INFINITE_RECURSION = YES;
				CLANG_WARN_INT_CONVERSION = YES;
				CLANG_WARN_NON_LITERAL_NULL_CONVERSION = YES;
				CLANG_WARN_OBJC_IMPLICIT_RETAIN_SELF = YES;
				CLANG_WARN_OBJC_LITERAL_CONVERSION = YES;
				CLANG_WARN_OBJC_ROOT_CLASS = YES_ERROR;
				CLANG_WARN_RANGE_LOOP_ANALYSIS = YES;
				CLANG_WARN_STRICT_PROTOTYPES = YES;
				CLANG_WARN_SUSPICIOUS_MOVE = YES;
				CLANG_WARN_UNGUARDED_AVAILABILITY = YES_AGGRESSIVE;
				CLANG_WARN_UNREACHABLE_CODE = YES;
				CLANG_WARN__DUPLICATE_METHOD_MATCH = YES;
				CODE_SIGN_IDENTITY = "iPhone Developer";
				COPY_PHASE_STRIP = NO;
				DEBUG_INFORMATION_FORMAT = dwarf;
				ENABLE_STRICT_OBJC_MSGSEND = YES;
				ENABLE_TESTABILITY = YES;
				GCC_C_LANGUAGE_STANDARD = gnu11;
				GCC_DYNAMIC_NO_PIC = NO;
				GCC_NO_COMMON_BLOCKS = YES;
				GCC_OPTIMIZATION_LEVEL = 0;
				GCC_PREPROCESSOR_DEFINITIONS = (
					"DEBUG=1",
					"$(inherited)",
				);
				GCC_WARN_64_TO_32_BIT_CONVERSION = YES;
				GCC_WARN_ABOUT_RETURN_TYPE = YES_ERROR;
				GCC_WARN_UNDECLARED_SELECTOR = YES;
				GCC_WARN_UNINITIALIZED_AUTOS = YES_AGGRESSIVE;
				GCC_WARN_UNUSED_FUNCTION = YES;
				GCC_WARN_UNUSED_VARIABLE = YES;
				IPHONEOS_DEPLOYMENT_TARGET = 11.3;
				MTL_ENABLE_DEBUG_INFO = YES;
				ONLY_ACTIVE_ARCH = YES;
				SDKROOT = iphoneos;
				SWIFT_ACTIVE_COMPILATION_CONDITIONS = DEBUG;
				SWIFT_OPTIMIZATION_LEVEL = "-Onone";
			};
			name = Debug;
		};
		F3A18BD02096A76700B79F82 /* Release */ = {
			isa = XCBuildConfiguration;
			buildSettings = {
				ALWAYS_SEARCH_USER_PATHS = NO;
				CLANG_ANALYZER_NONNULL = YES;
				CLANG_ANALYZER_NUMBER_OBJECT_CONVERSION = YES_AGGRESSIVE;
				CLANG_CXX_LANGUAGE_STANDARD = "gnu++14";
				CLANG_CXX_LIBRARY = "libc++";
				CLANG_ENABLE_MODULES = YES;
				CLANG_ENABLE_OBJC_ARC = YES;
				CLANG_ENABLE_OBJC_WEAK = YES;
				CLANG_WARN_BLOCK_CAPTURE_AUTORELEASING = YES;
				CLANG_WARN_BOOL_CONVERSION = YES;
				CLANG_WARN_COMMA = YES;
				CLANG_WARN_CONSTANT_CONVERSION = YES;
				CLANG_WARN_DEPRECATED_OBJC_IMPLEMENTATIONS = YES;
				CLANG_WARN_DIRECT_OBJC_ISA_USAGE = YES_ERROR;
				CLANG_WARN_DOCUMENTATION_COMMENTS = YES;
				CLANG_WARN_EMPTY_BODY = YES;
				CLANG_WARN_ENUM_CONVERSION = YES;
				CLANG_WARN_INFINITE_RECURSION = YES;
				CLANG_WARN_INT_CONVERSION = YES;
				CLANG_WARN_NON_LITERAL_NULL_CONVERSION = YES;
				CLANG_WARN_OBJC_IMPLICIT_RETAIN_SELF = YES;
				CLANG_WARN_OBJC_LITERAL_CONVERSION = YES;
				CLANG_WARN_OBJC_ROOT_CLASS = YES_ERROR;
				CLANG_WARN_RANGE_LOOP_ANALYSIS = YES;
				CLANG_WARN_STRICT_PROTOTYPES = YES;
				CLANG_WARN_SUSPICIOUS_MOVE = YES;
				CLANG_WARN_UNGUARDED_AVAILABILITY = YES_AGGRESSIVE;
				CLANG_WARN_UNREACHABLE_CODE = YES;
				CLANG_WARN__DUPLICATE_METHOD_MATCH = YES;
				CODE_SIGN_IDENTITY = "iPhone Developer";
				COPY_PHASE_STRIP = NO;
				DEBUG_INFORMATION_FORMAT = "dwarf-with-dsym";
				ENABLE_NS_ASSERTIONS = NO;
				ENABLE_STRICT_OBJC_MSGSEND = YES;
				GCC_C_LANGUAGE_STANDARD = gnu11;
				GCC_NO_COMMON_BLOCKS = YES;
				GCC_WARN_64_TO_32_BIT_CONVERSION = YES;
				GCC_WARN_ABOUT_RETURN_TYPE = YES_ERROR;
				GCC_WARN_UNDECLARED_SELECTOR = YES;
				GCC_WARN_UNINITIALIZED_AUTOS = YES_AGGRESSIVE;
				GCC_WARN_UNUSED_FUNCTION = YES;
				GCC_WARN_UNUSED_VARIABLE = YES;
				IPHONEOS_DEPLOYMENT_TARGET = 11.3;
				MTL_ENABLE_DEBUG_INFO = NO;
				SDKROOT = iphoneos;
				SWIFT_COMPILATION_MODE = wholemodule;
				SWIFT_OPTIMIZATION_LEVEL = "-O";
				VALIDATE_PRODUCT = YES;
			};
			name = Release;
		};
		F3A18BD22096A76700B79F82 /* Debug */ = {
			isa = XCBuildConfiguration;
			buildSettings = {
				ASSETCATALOG_COMPILER_APPICON_NAME = AppIcon;
				CODE_SIGN_STYLE = Automatic;
				DEVELOPMENT_TEAM = ZLP777QDS4;
				INFOPLIST_FILE = danbooruclient/Info.plist;
				LD_RUNPATH_SEARCH_PATHS = (
					"$(inherited)",
					"@executable_path/Frameworks",
				);
				PRODUCT_BUNDLE_IDENTIFIER = com.miraitoarumachi.danbooruclient;
				PRODUCT_NAME = "$(TARGET_NAME)";
				SWIFT_VERSION = 4.0;
				TARGETED_DEVICE_FAMILY = "1,2";
			};
			name = Debug;
		};
		F3A18BD32096A76700B79F82 /* Release */ = {
			isa = XCBuildConfiguration;
			buildSettings = {
				ASSETCATALOG_COMPILER_APPICON_NAME = AppIcon;
				CODE_SIGN_STYLE = Automatic;
				DEVELOPMENT_TEAM = ZLP777QDS4;
				INFOPLIST_FILE = danbooruclient/Info.plist;
				LD_RUNPATH_SEARCH_PATHS = (
					"$(inherited)",
					"@executable_path/Frameworks",
				);
				PRODUCT_BUNDLE_IDENTIFIER = com.miraitoarumachi.danbooruclient;
				PRODUCT_NAME = "$(TARGET_NAME)";
				SWIFT_VERSION = 4.0;
				TARGETED_DEVICE_FAMILY = "1,2";
			};
			name = Release;
		};
		F3A18BD52096A76700B79F82 /* Debug */ = {
			isa = XCBuildConfiguration;
			buildSettings = {
				ALWAYS_EMBED_SWIFT_STANDARD_LIBRARIES = YES;
				BUNDLE_LOADER = "$(TEST_HOST)";
				CODE_SIGN_STYLE = Automatic;
				DEVELOPMENT_TEAM = ZLP777QDS4;
				INFOPLIST_FILE = danbooruclientTests/Info.plist;
				LD_RUNPATH_SEARCH_PATHS = (
					"$(inherited)",
					"@executable_path/Frameworks",
					"@loader_path/Frameworks",
				);
				PRODUCT_BUNDLE_IDENTIFIER = com.miraitoarumachi.danbooruclientTests;
				PRODUCT_NAME = "$(TARGET_NAME)";
				SWIFT_VERSION = 4.0;
				TARGETED_DEVICE_FAMILY = "1,2";
				TEST_HOST = "$(BUILT_PRODUCTS_DIR)/danbooruclient.app/danbooruclient";
			};
			name = Debug;
		};
		F3A18BD62096A76700B79F82 /* Release */ = {
			isa = XCBuildConfiguration;
			buildSettings = {
				ALWAYS_EMBED_SWIFT_STANDARD_LIBRARIES = YES;
				BUNDLE_LOADER = "$(TEST_HOST)";
				CODE_SIGN_STYLE = Automatic;
				DEVELOPMENT_TEAM = ZLP777QDS4;
				INFOPLIST_FILE = danbooruclientTests/Info.plist;
				LD_RUNPATH_SEARCH_PATHS = (
					"$(inherited)",
					"@executable_path/Frameworks",
					"@loader_path/Frameworks",
				);
				PRODUCT_BUNDLE_IDENTIFIER = com.miraitoarumachi.danbooruclientTests;
				PRODUCT_NAME = "$(TARGET_NAME)";
				SWIFT_VERSION = 4.0;
				TARGETED_DEVICE_FAMILY = "1,2";
				TEST_HOST = "$(BUILT_PRODUCTS_DIR)/danbooruclient.app/danbooruclient";
			};
			name = Release;
		};
		F3A18BD82096A76700B79F82 /* Debug */ = {
			isa = XCBuildConfiguration;
			buildSettings = {
				ALWAYS_EMBED_SWIFT_STANDARD_LIBRARIES = YES;
				CODE_SIGN_STYLE = Automatic;
				DEVELOPMENT_TEAM = ZLP777QDS4;
				INFOPLIST_FILE = danbooruclientUITests/Info.plist;
				LD_RUNPATH_SEARCH_PATHS = (
					"$(inherited)",
					"@executable_path/Frameworks",
					"@loader_path/Frameworks",
				);
				PRODUCT_BUNDLE_IDENTIFIER = com.miraitoarumachi.danbooruclientUITests;
				PRODUCT_NAME = "$(TARGET_NAME)";
				SWIFT_VERSION = 4.0;
				TARGETED_DEVICE_FAMILY = "1,2";
				TEST_TARGET_NAME = danbooruclient;
			};
			name = Debug;
		};
		F3A18BD92096A76700B79F82 /* Release */ = {
			isa = XCBuildConfiguration;
			buildSettings = {
				ALWAYS_EMBED_SWIFT_STANDARD_LIBRARIES = YES;
				CODE_SIGN_STYLE = Automatic;
				DEVELOPMENT_TEAM = ZLP777QDS4;
				INFOPLIST_FILE = danbooruclientUITests/Info.plist;
				LD_RUNPATH_SEARCH_PATHS = (
					"$(inherited)",
					"@executable_path/Frameworks",
					"@loader_path/Frameworks",
				);
				PRODUCT_BUNDLE_IDENTIFIER = com.miraitoarumachi.danbooruclientUITests;
				PRODUCT_NAME = "$(TARGET_NAME)";
				SWIFT_VERSION = 4.0;
				TARGETED_DEVICE_FAMILY = "1,2";
				TEST_TARGET_NAME = danbooruclient;
			};
			name = Release;
		};
/* End XCBuildConfiguration section */

/* Begin XCConfigurationList section */
		F3A18BA42096A76600B79F82 /* Build configuration list for PBXProject "danbooruclient" */ = {
			isa = XCConfigurationList;
			buildConfigurations = (
				F3A18BCF2096A76700B79F82 /* Debug */,
				F3A18BD02096A76700B79F82 /* Release */,
			);
			defaultConfigurationIsVisible = 0;
			defaultConfigurationName = Release;
		};
		F3A18BD12096A76700B79F82 /* Build configuration list for PBXNativeTarget "danbooruclient" */ = {
			isa = XCConfigurationList;
			buildConfigurations = (
				F3A18BD22096A76700B79F82 /* Debug */,
				F3A18BD32096A76700B79F82 /* Release */,
			);
			defaultConfigurationIsVisible = 0;
			defaultConfigurationName = Release;
		};
		F3A18BD42096A76700B79F82 /* Build configuration list for PBXNativeTarget "danbooruclientTests" */ = {
			isa = XCConfigurationList;
			buildConfigurations = (
				F3A18BD52096A76700B79F82 /* Debug */,
				F3A18BD62096A76700B79F82 /* Release */,
			);
			defaultConfigurationIsVisible = 0;
			defaultConfigurationName = Release;
		};
		F3A18BD72096A76700B79F82 /* Build configuration list for PBXNativeTarget "danbooruclientUITests" */ = {
			isa = XCConfigurationList;
			buildConfigurations = (
				F3A18BD82096A76700B79F82 /* Debug */,
				F3A18BD92096A76700B79F82 /* Release */,
			);
			defaultConfigurationIsVisible = 0;
			defaultConfigurationName = Release;
		};
/* End XCConfigurationList section */
	};
	rootObject = F3A18BA12096A76600B79F82 /* Project object */;
}
